
Microsoft Visual Studio Solution File, Format Version 12.00
# Visual Studio Version 17
VisualStudioVersion = 17.1.32210.238
MinimumVisualStudioVersion = 10.0.40219.1
Project("{FAE04EC0-301F-11D3-BF4B-00C04F79EFBC}") = "Bike_rental", "Bike_rental\Bike_rental.csproj", "{C6ACA758-1482-4B31-A329-EE73B7939FD6}"
EndProject
Global
	GlobalSection(SolutionConfigurationPlatforms) = preSolution
		Debug|Any CPU = Debug|Any CPU
		Release|Any CPU = Release|Any CPU
	EndGlobalSection
	GlobalSection(ProjectConfigurationPlatforms) = postSolution
		{C6ACA758-1482-4B31-A329-EE73B7939FD6}.Debug|Any CPU.ActiveCfg = Debug|Any CPU
		{C6ACA758-1482-4B31-A329-EE73B7939FD6}.Debug|Any CPU.Build.0 = Debug|Any CPU
		{C6ACA758-1482-4B31-A329-EE73B7939FD6}.Release|Any CPU.ActiveCfg = Release|Any CPU
		{C6ACA758-1482-4B31-A329-EE73B7939FD6}.Release|Any CPU.Build.0 = Release|Any CPU
	EndGlobalSection
	GlobalSection(SolutionProperties) = preSolution
		HideSolutionNode = FALSE
	EndGlobalSection
	GlobalSection(ExtensibilityGlobals) = postSolution
		SolutionGuid = {189AD9F2-35B9-453B-B245-CE7DB57A5670}
	EndGlobalSection
EndGlobal
