
Microsoft Visual Studio Solution File, Format Version 12.00
# Visual Studio Version 17
VisualStudioVersion = 17.3.32922.545
MinimumVisualStudioVersion = 10.0.40219.1
Project("{FAE04EC0-301F-11D3-BF4B-00C04F79EFBC}") = "Payment db", "Payment db\Payment db.csproj", "{0AC3E59E-E04D-4C10-BF9E-2F088B63F24A}"
EndProject
Global
	GlobalSection(SolutionConfigurationPlatforms) = preSolution
		Debug|Any CPU = Debug|Any CPU
		Release|Any CPU = Release|Any CPU
	EndGlobalSection
	GlobalSection(ProjectConfigurationPlatforms) = postSolution
		{0AC3E59E-E04D-4C10-BF9E-2F088B63F24A}.Debug|Any CPU.ActiveCfg = Debug|Any CPU
		{0AC3E59E-E04D-4C10-BF9E-2F088B63F24A}.Debug|Any CPU.Build.0 = Debug|Any CPU
		{0AC3E59E-E04D-4C10-BF9E-2F088B63F24A}.Release|Any CPU.ActiveCfg = Release|Any CPU
		{0AC3E59E-E04D-4C10-BF9E-2F088B63F24A}.Release|Any CPU.Build.0 = Release|Any CPU
	EndGlobalSection
	GlobalSection(SolutionProperties) = preSolution
		HideSolutionNode = FALSE
	EndGlobalSection
	GlobalSection(ExtensibilityGlobals) = postSolution
		SolutionGuid = {E99C0DE6-B6C9-4BAC-B6C2-E2F3502625C6}
	EndGlobalSection
EndGlobal
