
Microsoft Visual Studio Solution File, Format Version 12.00
# Visual Studio 2012
Project("{F184B08F-C81C-45F6-A57F-5ABD9991F28F}") = "ERP System", "ERP System\ERP System.vbproj", "{CACD6D09-8F3E-4E9B-A3BE-3A4C7C74715E}"
EndProject
Global
	GlobalSection(SolutionConfigurationPlatforms) = preSolution
		Debug|x86 = Debug|x86
		Release|x86 = Release|x86
	EndGlobalSection
	GlobalSection(ProjectConfigurationPlatforms) = postSolution
		{CACD6D09-8F3E-4E9B-A3BE-3A4C7C74715E}.Debug|x86.ActiveCfg = Debug|x86
		{CACD6D09-8F3E-4E9B-A3BE-3A4C7C74715E}.Debug|x86.Build.0 = Debug|x86
		{CACD6D09-8F3E-4E9B-A3BE-3A4C7C74715E}.Release|x86.ActiveCfg = Release|x86
		{CACD6D09-8F3E-4E9B-A3BE-3A4C7C74715E}.Release|x86.Build.0 = Release|x86
	EndGlobalSection
	GlobalSection(SolutionProperties) = preSolution
		HideSolutionNode = FALSE
	EndGlobalSection
EndGlobal
